// !$*UTF8*$!
{
	archiveVersion = 1;
	classes = {
	};
	objectVersion = 56;
	objects = {

/* Begin PBXBuildFile section */
		0C10BF4D0947B49560874EC6 /* ModelDownload.swift in Sources */ = {isa = PBXBuildFile; fileRef = 043C6CF5C15E7E56DD61546A /* ModelDownload.swift */; };
		0C46E60281CEEC51228E45EE /* STTFactory.swift in Sources */ = {isa = PBXBuildFile; fileRef = E3F2CA4BD75D571287E0329E /* STTFactory.swift */; };
		128DC48D49D0F4186446610D /* AppleSpeechSTT.swift in Sources */ = {isa = PBXBuildFile; fileRef = 03546B9C4D76CA0E26468882 /* AppleSpeechSTT.swift */; };
		12C77C17FEF02DC0A3DD3C84 /* VADFactory.swift in Sources */ = {isa = PBXBuildFile; fileRef = 04C4B9AA37D433AAE380041B /* VADFactory.swift */; };
		15C10874605E939512C7A8B8 /* DesignTokens.swift in Sources */ = {isa = PBXBuildFile; fileRef = EF81E4A2F234EA887979354C /* DesignTokens.swift */; };
		177585A091E711CACA01036E /* ParakeetSTT.swift in Sources */ = {isa = PBXBuildFile; fileRef = E787768CD9DAD25C977CD704 /* ParakeetSTT.swift */; };
		1AA45ACABE366CEE2DC552ED /* LlamaContext.swift in Sources */ = {isa = PBXBuildFile; fileRef = 6FD83732B416F83A22F9F882 /* LlamaContext.swift */; };
		1D6F4B2747F8CBE64CF22127 /* OpenWisprCore in Frameworks */ = {isa = PBXBuildFile; productRef = 144850BF2FCDC5E1155AA002 /* OpenWisprCore */; };
		25F4CD230BD6B058E836BCF0 /* ggml-silero-v5.1.2.bin in Resources */ = {isa = PBXBuildFile; fileRef = 928FF4FDA9473DB6BF05FCD1 /* ggml-silero-v5.1.2.bin */; };
		336E0137F2BD5C80BEC3CAF7 /* SileroVAD.swift in Sources */ = {isa = PBXBuildFile; fileRef = 41289BBCDAB952C0AA44E620 /* SileroVAD.swift */; };
		34A8BAF37B99E8450734F5C8 /* LocalLLMEngine.swift in Sources */ = {isa = PBXBuildFile; fileRef = 83F7A241C06B014563A413FD /* LocalLLMEngine.swift */; };
		3F0C85A66A498253F9D6F133 /* SettingsView.swift in Sources */ = {isa = PBXBuildFile; fileRef = 5A8EDD81FB9913BC1BC0CC25 /* SettingsView.swift */; };
		3FDDC578961C8AA92CD90476 /* AppSettings.swift in Sources */ = {isa = PBXBuildFile; fileRef = 8D58E56F2D386A113D12352B /* AppSettings.swift */; };
		515AA42779AD16A9261120DD /* ParakeetModel.swift in Sources */ = {isa = PBXBuildFile; fileRef = 9A02DBF7F3F65CF95FAFD9E7 /* ParakeetModel.swift */; };
		5B17B674E4B1C021E692B3D4 /* PendingAudioStore.swift in Sources */ = {isa = PBXBuildFile; fileRef = 3ECF7E4D2944DD93EFADAA7D /* PendingAudioStore.swift */; };
		5FAF1F31DC1DAD60EA84AEDB /* WhisperSTT.swift in Sources */ = {isa = PBXBuildFile; fileRef = 7AA0CE98BE29CF60211B55D5 /* WhisperSTT.swift */; };
		610E71F926A1145E62EE0D78 /* LlamaFramework in Frameworks */ = {isa = PBXBuildFile; productRef = 5342A1BFAF9FB8F46CE0A6E1 /* LlamaFramework */; };
		675526A3DC2A5A26667FCC57 /* OnboardingView.swift in Sources */ = {isa = PBXBuildFile; fileRef = F3369A816EA3D5C7403DE0DA /* OnboardingView.swift */; };
		78E2CA50E630ED2A8182A0E2 /* WhisperModel.swift in Sources */ = {isa = PBXBuildFile; fileRef = 3B19D8A624CAF050B187238A /* WhisperModel.swift */; };
		79492398B02924E36F4C8FB5 /* OpenWisprApp.swift in Sources */ = {isa = PBXBuildFile; fileRef = 1D3E1F5F21B99476197A9DD7 /* OpenWisprApp.swift */; };
		837374E3E7408B00F63F5533 /* TextInserter.swift in Sources */ = {isa = PBXBuildFile; fileRef = 48667A0CCB7F8C23E3A3B9C6 /* TextInserter.swift */; };
		91D543311076B601F0D30C86 /* DictationHistoryStore.swift in Sources */ = {isa = PBXBuildFile; fileRef = D98CA29CAE9BA8BB6E0BBCB1 /* DictationHistoryStore.swift */; };
		951B3986DD855937EAEB3D41 /* RootView.swift in Sources */ = {isa = PBXBuildFile; fileRef = D827068F08399C4BBE6B8E14 /* RootView.swift */; };
		955D21A0109F3B61CED8D3BD /* HotKeyRecorder.swift in Sources */ = {isa = PBXBuildFile; fileRef = 27F5E5F4104627457D6890F0 /* HotKeyRecorder.swift */; };
		960C7EF3D76DF6121DBBB15F /* DictationCoordinator.swift in Sources */ = {isa = PBXBuildFile; fileRef = 5529E735DF4428D7F33BDE96 /* DictationCoordinator.swift */; };
		9FE8ED034112D22A7E034FD2 /* HomeView.swift in Sources */ = {isa = PBXBuildFile; fileRef = 7478C1EA9682B72F53EB0E31 /* HomeView.swift */; };
		AE5F41556A5DA505AF75C91E /* PersonalizationStores.swift in Sources */ = {isa = PBXBuildFile; fileRef = C6955227F30F04FA604BF89A /* PersonalizationStores.swift */; };
		B07D1CCA4046E3F14EA45D55 /* Assets.xcassets in Resources */ = {isa = PBXBuildFile; fileRef = 7150F741F726C1DB4597A459 /* Assets.xcassets */; };
		B9BF8381EA7F44983DD50DB1 /* FnTriggerMonitor.swift in Sources */ = {isa = PBXBuildFile; fileRef = 88649EBDF72A03A9C61D7284 /* FnTriggerMonitor.swift */; };
		C35117437ED96CF5EB93746D /* AudioCapture.swift in Sources */ = {isa = PBXBuildFile; fileRef = DC2D84AD9AD20EEDD40B00EB /* AudioCapture.swift */; };
		C9E8BB50864A9E410F4BC11B /* SherpaOnnxFramework in Frameworks */ = {isa = PBXBuildFile; productRef = 4128EBE63C315B246A50288B /* SherpaOnnxFramework */; };
		CF0936F2F734305831815C23 /* HotKey.swift in Sources */ = {isa = PBXBuildFile; fileRef = 3D7C8EE5B1CD881D96AF429D /* HotKey.swift */; };
		D0EE0E5387488DBD5285291B /* SystemPermissions.swift in Sources */ = {isa = PBXBuildFile; fileRef = E98EE3AF36569B7957F68F01 /* SystemPermissions.swift */; };
		D8C0908D061D11C2C108077C /* RecordingHUD.swift in Sources */ = {isa = PBXBuildFile; fileRef = C2791865DF65073E3B5E7363 /* RecordingHUD.swift */; };
		DF8AABD765D213F0AD587DB9 /* WhisperFramework in Frameworks */ = {isa = PBXBuildFile; productRef = D8615A45FBDB52F322616ED1 /* WhisperFramework */; };
		E9DE7AA0B08B18923660CD01 /* LlmModel.swift in Sources */ = {isa = PBXBuildFile; fileRef = 6994CE01136A2B690BB52D3B /* LlmModel.swift */; };
		EF648D5DF1514550D65165DE /* PersonalDictionaryView.swift in Sources */ = {isa = PBXBuildFile; fileRef = 443DFC009FD7E7B7BAD2717E /* PersonalDictionaryView.swift */; };
		F4163A095C3F2953A65FB882 /* StyleMemoryView.swift in Sources */ = {isa = PBXBuildFile; fileRef = 5D7A0B81F90560BCFE601C5C /* StyleMemoryView.swift */; };
		F518E1F0A9280091C700FCD5 /* DictationView.swift in Sources */ = {isa = PBXBuildFile; fileRef = 76AE78CAEE8553945C7C44BF /* DictationView.swift */; };
/* End PBXBuildFile section */

/* Begin PBXFileReference section */
		03546B9C4D76CA0E26468882 /* AppleSpeechSTT.swift */ = {isa = PBXFileReference; lastKnownFileType = sourcecode.swift; path = AppleSpeechSTT.swift; sourceTree = "<group>"; };
		043C6CF5C15E7E56DD61546A /* ModelDownload.swift */ = {isa = PBXFileReference; lastKnownFileType = sourcecode.swift; path = ModelDownload.swift; sourceTree = "<group>"; };
		04C4B9AA37D433AAE380041B /* VADFactory.swift */ = {isa = PBXFileReference; lastKnownFileType = sourcecode.swift; path = VADFactory.swift; sourceTree = "<group>"; };
		1D3E1F5F21B99476197A9DD7 /* OpenWisprApp.swift */ = {isa = PBXFileReference; lastKnownFileType = sourcecode.swift; path = OpenWisprApp.swift; sourceTree = "<group>"; };
		27F5E5F4104627457D6890F0 /* HotKeyRecorder.swift */ = {isa = PBXFileReference; lastKnownFileType = sourcecode.swift; path = HotKeyRecorder.swift; sourceTree = "<group>"; };
		2AF373FF3F1E1993CF554E2F /* LlamaFramework */ = {isa = PBXFileReference; lastKnownFileType = folder; name = LlamaFramework; path = ../LlamaFramework; sourceTree = SOURCE_ROOT; };
		3AD2F169F5B404A53861CE81 /* OpenWispr.app */ = {isa = PBXFileReference; explicitFileType = wrapper.application; includeInIndex = 0; path = OpenWispr.app; sourceTree = BUILT_PRODUCTS_DIR; };
		3B19D8A624CAF050B187238A /* WhisperModel.swift */ = {isa = PBXFileReference; lastKnownFileType = sourcecode.swift; path = WhisperModel.swift; sourceTree = "<group>"; };
		3D7C8EE5B1CD881D96AF429D /* HotKey.swift */ = {isa = PBXFileReference; lastKnownFileType = sourcecode.swift; path = HotKey.swift; sourceTree = "<group>"; };
		3ECF7E4D2944DD93EFADAA7D /* PendingAudioStore.swift */ = {isa = PBXFileReference; lastKnownFileType = sourcecode.swift; path = PendingAudioStore.swift; sourceTree = "<group>"; };
		41289BBCDAB952C0AA44E620 /* SileroVAD.swift */ = {isa = PBXFileReference; lastKnownFileType = sourcecode.swift; path = SileroVAD.swift; sourceTree = "<group>"; };
		443DFC009FD7E7B7BAD2717E /* PersonalDictionaryView.swift */ = {isa = PBXFileReference; lastKnownFileType = sourcecode.swift; path = PersonalDictionaryView.swift; sourceTree = "<group>"; };
		48667A0CCB7F8C23E3A3B9C6 /* TextInserter.swift */ = {isa = PBXFileReference; lastKnownFileType = sourcecode.swift; path = TextInserter.swift; sourceTree = "<group>"; };
		5024196DC9350854BB69F293 /* OpenWisprCore */ = {isa = PBXFileReference; lastKnownFileType = folder; name = OpenWisprCore; path = ../OpenWisprCore; sourceTree = SOURCE_ROOT; };
		5529E735DF4428D7F33BDE96 /* DictationCoordinator.swift */ = {isa = PBXFileReference; lastKnownFileType = sourcecode.swift; path = DictationCoordinator.swift; sourceTree = "<group>"; };
		5A8EDD81FB9913BC1BC0CC25 /* SettingsView.swift */ = {isa = PBXFileReference; lastKnownFileType = sourcecode.swift; path = SettingsView.swift; sourceTree = "<group>"; };
		5C12529028DF2FBEB448E7D6 /* SherpaOnnxFramework */ = {isa = PBXFileReference; lastKnownFileType = folder; name = SherpaOnnxFramework; path = ../SherpaOnnxFramework; sourceTree = SOURCE_ROOT; };
		5D7A0B81F90560BCFE601C5C /* StyleMemoryView.swift */ = {isa = PBXFileReference; lastKnownFileType = sourcecode.swift; path = StyleMemoryView.swift; sourceTree = "<group>"; };
		6994CE01136A2B690BB52D3B /* LlmModel.swift */ = {isa = PBXFileReference; lastKnownFileType = sourcecode.swift; path = LlmModel.swift; sourceTree = "<group>"; };
		6FD83732B416F83A22F9F882 /* LlamaContext.swift */ = {isa = PBXFileReference; lastKnownFileType = sourcecode.swift; path = LlamaContext.swift; sourceTree = "<group>"; };
		7150F741F726C1DB4597A459 /* Assets.xcassets */ = {isa = PBXFileReference; lastKnownFileType = folder.assetcatalog; path = Assets.xcassets; sourceTree = "<group>"; };
		7478C1EA9682B72F53EB0E31 /* HomeView.swift */ = {isa = PBXFileReference; lastKnownFileType = sourcecode.swift; path = HomeView.swift; sourceTree = "<group>"; };
		76AE78CAEE8553945C7C44BF /* DictationView.swift */ = {isa = PBXFileReference; lastKnownFileType = sourcecode.swift; path = DictationView.swift; sourceTree = "<group>"; };
		7AA0CE98BE29CF60211B55D5 /* WhisperSTT.swift */ = {isa = PBXFileReference; lastKnownFileType = sourcecode.swift; path = WhisperSTT.swift; sourceTree = "<group>"; };
		83F7A241C06B014563A413FD /* LocalLLMEngine.swift */ = {isa = PBXFileReference; lastKnownFileType = sourcecode.swift; path = LocalLLMEngine.swift; sourceTree = "<group>"; };
		88649EBDF72A03A9C61D7284 /* FnTriggerMonitor.swift */ = {isa = PBXFileReference; lastKnownFileType = sourcecode.swift; path = FnTriggerMonitor.swift; sourceTree = "<group>"; };
		8D58E56F2D386A113D12352B /* AppSettings.swift */ = {isa = PBXFileReference; lastKnownFileType = sourcecode.swift; path = AppSettings.swift; sourceTree = "<group>"; };
		928FF4FDA9473DB6BF05FCD1 /* ggml-silero-v5.1.2.bin */ = {isa = PBXFileReference; lastKnownFileType = archive.macbinary; path = "ggml-silero-v5.1.2.bin"; sourceTree = "<group>"; };
		9A02DBF7F3F65CF95FAFD9E7 /* ParakeetModel.swift */ = {isa = PBXFileReference; lastKnownFileType = sourcecode.swift; path = ParakeetModel.swift; sourceTree = "<group>"; };
		AB950BDB7B85E7982EEBA9C3 /* WhisperFramework */ = {isa = PBXFileReference; lastKnownFileType = folder; name = WhisperFramework; path = ../WhisperFramework; sourceTree = SOURCE_ROOT; };
		C2791865DF65073E3B5E7363 /* RecordingHUD.swift */ = {isa = PBXFileReference; lastKnownFileType = sourcecode.swift; path = RecordingHUD.swift; sourceTree = "<group>"; };
		C6955227F30F04FA604BF89A /* PersonalizationStores.swift */ = {isa = PBXFileReference; lastKnownFileType = sourcecode.swift; path = PersonalizationStores.swift; sourceTree = "<group>"; };
		D827068F08399C4BBE6B8E14 /* RootView.swift */ = {isa = PBXFileReference; lastKnownFileType = sourcecode.swift; path = RootView.swift; sourceTree = "<group>"; };
		D98CA29CAE9BA8BB6E0BBCB1 /* DictationHistoryStore.swift */ = {isa = PBXFileReference; lastKnownFileType = sourcecode.swift; path = DictationHistoryStore.swift; sourceTree = "<group>"; };
		DC2D84AD9AD20EEDD40B00EB /* AudioCapture.swift */ = {isa = PBXFileReference; lastKnownFileType = sourcecode.swift; path = AudioCapture.swift; sourceTree = "<group>"; };
		E3F2CA4BD75D571287E0329E /* STTFactory.swift */ = {isa = PBXFileReference; lastKnownFileType = sourcecode.swift; path = STTFactory.swift; sourceTree = "<group>"; };
		E787768CD9DAD25C977CD704 /* ParakeetSTT.swift */ = {isa = PBXFileReference; lastKnownFileType = sourcecode.swift; path = ParakeetSTT.swift; sourceTree = "<group>"; };
		E98EE3AF36569B7957F68F01 /* SystemPermissions.swift */ = {isa = PBXFileReference; lastKnownFileType = sourcecode.swift; path = SystemPermissions.swift; sourceTree = "<group>"; };
		EF81E4A2F234EA887979354C /* DesignTokens.swift */ = {isa = PBXFileReference; lastKnownFileType = sourcecode.swift; path = DesignTokens.swift; sourceTree = "<group>"; };
		F3369A816EA3D5C7403DE0DA /* OnboardingView.swift */ = {isa = PBXFileReference; lastKnownFileType = sourcecode.swift; path = OnboardingView.swift; sourceTree = "<group>"; };
/* End PBXFileReference section */

/* Begin PBXFrameworksBuildPhase section */
		BD0371FBEFC8B04C3F291A2F /* Frameworks */ = {
			isa = PBXFrameworksBuildPhase;
			buildActionMask = 2147483647;
			files = (
				1D6F4B2747F8CBE64CF22127 /* OpenWisprCore in Frameworks */,
				DF8AABD765D213F0AD587DB9 /* WhisperFramework in Frameworks */,
				610E71F926A1145E62EE0D78 /* LlamaFramework in Frameworks */,
				C9E8BB50864A9E410F4BC11B /* SherpaOnnxFramework in Frameworks */,
			);
			runOnlyForDeploymentPostprocessing = 0;
		};
/* End PBXFrameworksBuildPhase section */

/* Begin PBXGroup section */
		13B373E3DD4116C3105C87B1 /* Resources */ = {
			isa = PBXGroup;
			children = (
				7150F741F726C1DB4597A459 /* Assets.xcassets */,
				928FF4FDA9473DB6BF05FCD1 /* ggml-silero-v5.1.2.bin */,
			);
			path = Resources;
			sourceTree = "<group>";
		};
		3E702A790252415B1735DEFA /* Products */ = {
			isa = PBXGroup;
			children = (
				3AD2F169F5B404A53861CE81 /* OpenWispr.app */,
			);
			name = Products;
			sourceTree = "<group>";
		};
		4D58D0918AE2AAAFE6659AC4 /* Sources */ = {
			isa = PBXGroup;
			children = (
				03546B9C4D76CA0E26468882 /* AppleSpeechSTT.swift */,
				8D58E56F2D386A113D12352B /* AppSettings.swift */,
				DC2D84AD9AD20EEDD40B00EB /* AudioCapture.swift */,
				EF81E4A2F234EA887979354C /* DesignTokens.swift */,
				5529E735DF4428D7F33BDE96 /* DictationCoordinator.swift */,
				D98CA29CAE9BA8BB6E0BBCB1 /* DictationHistoryStore.swift */,
				76AE78CAEE8553945C7C44BF /* DictationView.swift */,
				88649EBDF72A03A9C61D7284 /* FnTriggerMonitor.swift */,
				7478C1EA9682B72F53EB0E31 /* HomeView.swift */,
				3D7C8EE5B1CD881D96AF429D /* HotKey.swift */,
				27F5E5F4104627457D6890F0 /* HotKeyRecorder.swift */,
				6FD83732B416F83A22F9F882 /* LlamaContext.swift */,
				6994CE01136A2B690BB52D3B /* LlmModel.swift */,
				83F7A241C06B014563A413FD /* LocalLLMEngine.swift */,
				043C6CF5C15E7E56DD61546A /* ModelDownload.swift */,
				F3369A816EA3D5C7403DE0DA /* OnboardingView.swift */,
				1D3E1F5F21B99476197A9DD7 /* OpenWisprApp.swift */,
				9A02DBF7F3F65CF95FAFD9E7 /* ParakeetModel.swift */,
				E787768CD9DAD25C977CD704 /* ParakeetSTT.swift */,
				3ECF7E4D2944DD93EFADAA7D /* PendingAudioStore.swift */,
				443DFC009FD7E7B7BAD2717E /* PersonalDictionaryView.swift */,
				C6955227F30F04FA604BF89A /* PersonalizationStores.swift */,
				C2791865DF65073E3B5E7363 /* RecordingHUD.swift */,
				D827068F08399C4BBE6B8E14 /* RootView.swift */,
				5A8EDD81FB9913BC1BC0CC25 /* SettingsView.swift */,
				41289BBCDAB952C0AA44E620 /* SileroVAD.swift */,
				E3F2CA4BD75D571287E0329E /* STTFactory.swift */,
				5D7A0B81F90560BCFE601C5C /* StyleMemoryView.swift */,
				E98EE3AF36569B7957F68F01 /* SystemPermissions.swift */,
				48667A0CCB7F8C23E3A3B9C6 /* TextInserter.swift */,
				04C4B9AA37D433AAE380041B /* VADFactory.swift */,
				3B19D8A624CAF050B187238A /* WhisperModel.swift */,
				7AA0CE98BE29CF60211B55D5 /* WhisperSTT.swift */,
			);
			path = Sources;
			sourceTree = "<group>";
		};
		97AA0CC089BF00729BF39EB1 = {
			isa = PBXGroup;
			children = (
				C38111027C176883ED25EA53 /* Packages */,
				13B373E3DD4116C3105C87B1 /* Resources */,
				4D58D0918AE2AAAFE6659AC4 /* Sources */,
				3E702A790252415B1735DEFA /* Products */,
			);
			sourceTree = "<group>";
		};
		C38111027C176883ED25EA53 /* Packages */ = {
			isa = PBXGroup;
			children = (
				2AF373FF3F1E1993CF554E2F /* LlamaFramework */,
				5024196DC9350854BB69F293 /* OpenWisprCore */,
				5C12529028DF2FBEB448E7D6 /* SherpaOnnxFramework */,
				AB950BDB7B85E7982EEBA9C3 /* WhisperFramework */,
			);
			name = Packages;
			sourceTree = "<group>";
		};
/* End PBXGroup section */

/* Begin PBXNativeTarget section */
		89C22841A71CB1C71ED984DF /* OpenWispr */ = {
			isa = PBXNativeTarget;
			buildConfigurationList = A7FFEA8068C97C4D02CD2CE4 /* Build configuration list for PBXNativeTarget "OpenWispr" */;
			buildPhases = (
				8769A5F8B28342040917AFB5 /* Sources */,
				CA4577D87DEAAD09356652D6 /* Resources */,
				BD0371FBEFC8B04C3F291A2F /* Frameworks */,
			);
			buildRules = (
			);
			dependencies = (
			);
			name = OpenWispr;
			packageProductDependencies = (
				144850BF2FCDC5E1155AA002 /* OpenWisprCore */,
				D8615A45FBDB52F322616ED1 /* WhisperFramework */,
				5342A1BFAF9FB8F46CE0A6E1 /* LlamaFramework */,
				4128EBE63C315B246A50288B /* SherpaOnnxFramework */,
			);
			productName = OpenWispr;
			productReference = 3AD2F169F5B404A53861CE81 /* OpenWispr.app */;
			productType = "com.apple.product-type.application";
		};
/* End PBXNativeTarget section */

/* Begin PBXProject section */
		288489F8015DD539AECF3EC2 /* Project object */ = {
			isa = PBXProject;
			attributes = {
				BuildIndependentTargetsInParallel = YES;
				LastUpgradeCheck = 1430;
				TargetAttributes = {
					89C22841A71CB1C71ED984DF = {
						DevelopmentTeam = "";
						ProvisioningStyle = Manual;
					};
				};
			};
			buildConfigurationList = F523B00A64CA6918B602A2DD /* Build configuration list for PBXProject "OpenWispr" */;
			developmentRegion = en;
			hasScannedForEncodings = 0;
			knownRegions = (
				Base,
				en,
			);
			mainGroup = 97AA0CC089BF00729BF39EB1;
			minimizedProjectReferenceProxies = 1;
			packageReferences = (
				ECC2CE5F01CA06C44337B4FB /* XCLocalSwiftPackageReference "../LlamaFramework" */,
				300CDBD800DDB292AEA5C59C /* XCLocalSwiftPackageReference "../OpenWisprCore" */,
				98082A5197F9B9E18ED261A4 /* XCLocalSwiftPackageReference "../SherpaOnnxFramework" */,
				216E5060AD3964D37603C6EB /* XCLocalSwiftPackageReference "../WhisperFramework" */,
			);
			preferredProjectObjectVersion = 77;
			productRefGroup = 3E702A790252415B1735DEFA /* Products */;
			projectDirPath = "";
			projectRoot = "";
			targets = (
				89C22841A71CB1C71ED984DF /* OpenWispr */,
			);
		};
/* End PBXProject section */

/* Begin PBXResourcesBuildPhase section */
		CA4577D87DEAAD09356652D6 /* Resources */ = {
			isa = PBXResourcesBuildPhase;
			buildActionMask = 2147483647;
			files = (
				B07D1CCA4046E3F14EA45D55 /* Assets.xcassets in Resources */,
				25F4CD230BD6B058E836BCF0 /* ggml-silero-v5.1.2.bin in Resources */,
			);
			runOnlyForDeploymentPostprocessing = 0;
		};
/* End PBXResourcesBuildPhase section */

/* Begin PBXSourcesBuildPhase section */
		8769A5F8B28342040917AFB5 /* Sources */ = {
			isa = PBXSourcesBuildPhase;
			buildActionMask = 2147483647;
			files = (
				3FDDC578961C8AA92CD90476 /* AppSettings.swift in Sources */,
				128DC48D49D0F4186446610D /* AppleSpeechSTT.swift in Sources */,
				C35117437ED96CF5EB93746D /* AudioCapture.swift in Sources */,
				15C10874605E939512C7A8B8 /* DesignTokens.swift in Sources */,
				960C7EF3D76DF6121DBBB15F /* DictationCoordinator.swift in Sources */,
				91D543311076B601F0D30C86 /* DictationHistoryStore.swift in Sources */,
				F518E1F0A9280091C700FCD5 /* DictationView.swift in Sources */,
				B9BF8381EA7F44983DD50DB1 /* FnTriggerMonitor.swift in Sources */,
				9FE8ED034112D22A7E034FD2 /* HomeView.swift in Sources */,
				CF0936F2F734305831815C23 /* HotKey.swift in Sources */,
				955D21A0109F3B61CED8D3BD /* HotKeyRecorder.swift in Sources */,
				1AA45ACABE366CEE2DC552ED /* LlamaContext.swift in Sources */,
				E9DE7AA0B08B18923660CD01 /* LlmModel.swift in Sources */,
				34A8BAF37B99E8450734F5C8 /* LocalLLMEngine.swift in Sources */,
				0C10BF4D0947B49560874EC6 /* ModelDownload.swift in Sources */,
				675526A3DC2A5A26667FCC57 /* OnboardingView.swift in Sources */,
				79492398B02924E36F4C8FB5 /* OpenWisprApp.swift in Sources */,
				515AA42779AD16A9261120DD /* ParakeetModel.swift in Sources */,
				177585A091E711CACA01036E /* ParakeetSTT.swift in Sources */,
				5B17B674E4B1C021E692B3D4 /* PendingAudioStore.swift in Sources */,
				EF648D5DF1514550D65165DE /* PersonalDictionaryView.swift in Sources */,
				AE5F41556A5DA505AF75C91E /* PersonalizationStores.swift in Sources */,
				D8C0908D061D11C2C108077C /* RecordingHUD.swift in Sources */,
				951B3986DD855937EAEB3D41 /* RootView.swift in Sources */,
				0C46E60281CEEC51228E45EE /* STTFactory.swift in Sources */,
				3F0C85A66A498253F9D6F133 /* SettingsView.swift in Sources */,
				336E0137F2BD5C80BEC3CAF7 /* SileroVAD.swift in Sources */,
				F4163A095C3F2953A65FB882 /* StyleMemoryView.swift in Sources */,
				D0EE0E5387488DBD5285291B /* SystemPermissions.swift in Sources */,
				837374E3E7408B00F63F5533 /* TextInserter.swift in Sources */,
				12C77C17FEF02DC0A3DD3C84 /* VADFactory.swift in Sources */,
				78E2CA50E630ED2A8182A0E2 /* WhisperModel.swift in Sources */,
				5FAF1F31DC1DAD60EA84AEDB /* WhisperSTT.swift in Sources */,
			);
			runOnlyForDeploymentPostprocessing = 0;
		};
/* End PBXSourcesBuildPhase section */

/* Begin XCBuildConfiguration section */
		44AEB4974779ED9AD30C92AC /* Debug */ = {
			isa = XCBuildConfiguration;
			buildSettings = {
				ALWAYS_SEARCH_USER_PATHS = NO;
				CLANG_ANALYZER_NONNULL = YES;
				CLANG_ANALYZER_NUMBER_OBJECT_CONVERSION = YES_AGGRESSIVE;
				CLANG_CXX_LANGUAGE_STANDARD = "gnu++14";
				CLANG_CXX_LIBRARY = "libc++";
				CLANG_ENABLE_MODULES = YES;
				CLANG_ENABLE_OBJC_ARC = YES;
				CLANG_ENABLE_OBJC_WEAK = YES;
				CLANG_WARN_BLOCK_CAPTURE_AUTORELEASING = YES;
				CLANG_WARN_BOOL_CONVERSION = YES;
				CLANG_WARN_COMMA = YES;
				CLANG_WARN_CONSTANT_CONVERSION = YES;
				CLANG_WARN_DEPRECATED_OBJC_IMPLEMENTATIONS = YES;
				CLANG_WARN_DIRECT_OBJC_ISA_USAGE = YES_ERROR;
				CLANG_WARN_DOCUMENTATION_COMMENTS = YES;
				CLANG_WARN_EMPTY_BODY = YES;
				CLANG_WARN_ENUM_CONVERSION = YES;
				CLANG_WARN_INFINITE_RECURSION = YES;
				CLANG_WARN_INT_CONVERSION = YES;
				CLANG_WARN_NON_LITERAL_NULL_CONVERSION = YES;
				CLANG_WARN_OBJC_IMPLICIT_RETAIN_SELF = YES;
				CLANG_WARN_OBJC_LITERAL_CONVERSION = YES;
				CLANG_WARN_OBJC_ROOT_CLASS = YES_ERROR;
				CLANG_WARN_QUOTED_INCLUDE_IN_FRAMEWORK_HEADER = YES;
				CLANG_WARN_RANGE_LOOP_ANALYSIS = YES;
				CLANG_WARN_STRICT_PROTOTYPES = YES;
				CLANG_WARN_SUSPICIOUS_MOVE = YES;
				CLANG_WARN_UNGUARDED_AVAILABILITY = YES_AGGRESSIVE;
				CLANG_WARN_UNREACHABLE_CODE = YES;
				CLANG_WARN__DUPLICATE_METHOD_MATCH = YES;
				CODE_SIGN_IDENTITY = "OpenWispr Self-Signed";
				CODE_SIGN_STYLE = Manual;
				COPY_PHASE_STRIP = NO;
				CURRENT_PROJECT_VERSION = 5;
				DEBUG_INFORMATION_FORMAT = dwarf;
				DEVELOPMENT_TEAM = "";
				ENABLE_STRICT_OBJC_MSGSEND = YES;
				ENABLE_TESTABILITY = YES;
				GCC_C_LANGUAGE_STANDARD = gnu11;
				GCC_DYNAMIC_NO_PIC = NO;
				GCC_NO_COMMON_BLOCKS = YES;
				GCC_OPTIMIZATION_LEVEL = 0;
				GCC_PREPROCESSOR_DEFINITIONS = (
					"$(inherited)",
					"DEBUG=1",
				);
				GCC_WARN_64_TO_32_BIT_CONVERSION = YES;
				GCC_WARN_ABOUT_RETURN_TYPE = YES_ERROR;
				GCC_WARN_UNDECLARED_SELECTOR = YES;
				GCC_WARN_UNINITIALIZED_AUTOS = YES_AGGRESSIVE;
				GCC_WARN_UNUSED_FUNCTION = YES;
				GCC_WARN_UNUSED_VARIABLE = YES;
				MACOSX_DEPLOYMENT_TARGET = 13.3;
				MARKETING_VERSION = 1.2.0;
				MTL_ENABLE_DEBUG_INFO = INCLUDE_SOURCE;
				MTL_FAST_MATH = YES;
				ONLY_ACTIVE_ARCH = YES;
				PRODUCT_NAME = "$(TARGET_NAME)";
				SDKROOT = macosx;
				SWIFT_ACTIVE_COMPILATION_CONDITIONS = DEBUG;
				SWIFT_OPTIMIZATION_LEVEL = "-Onone";
				SWIFT_VERSION = 5.10;
			};
			name = Debug;
		};
		607FF2E17DD113FB2B71980E /* Release */ = {
			isa = XCBuildConfiguration;
			buildSettings = {
				ASSETCATALOG_COMPILER_APPICON_NAME = AppIcon;
				CODE_SIGN_ENTITLEMENTS = OpenWispr.entitlements;
				COMBINE_HIDPI_IMAGES = YES;
				ENABLE_HARDENED_RUNTIME = NO;
				GENERATE_INFOPLIST_FILE = NO;
				INFOPLIST_FILE = Info.plist;
				LD_RUNPATH_SEARCH_PATHS = (
					"$(inherited)",
					"@executable_path/../Frameworks",
				);
				PRODUCT_BUNDLE_IDENTIFIER = com.openwispr.mac;
				PRODUCT_NAME = OpenWispr;
				SDKROOT = macosx;
			};
			name = Release;
		};
		DCA59C79616816B47C67C37A /* Debug */ = {
			isa = XCBuildConfiguration;
			buildSettings = {
				ASSETCATALOG_COMPILER_APPICON_NAME = AppIcon;
				CODE_SIGN_ENTITLEMENTS = OpenWispr.entitlements;
				COMBINE_HIDPI_IMAGES = YES;
				ENABLE_HARDENED_RUNTIME = NO;
				GENERATE_INFOPLIST_FILE = NO;
				INFOPLIST_FILE = Info.plist;
				LD_RUNPATH_SEARCH_PATHS = (
					"$(inherited)",
					"@executable_path/../Frameworks",
				);
				PRODUCT_BUNDLE_IDENTIFIER = com.openwispr.mac;
				PRODUCT_NAME = OpenWispr;
				SDKROOT = macosx;
			};
			name = Debug;
		};
		E7FDE0B4A1FE3B0E3DB70954 /* Release */ = {
			isa = XCBuildConfiguration;
			buildSettings = {
				ALWAYS_SEARCH_USER_PATHS = NO;
				CLANG_ANALYZER_NONNULL = YES;
				CLANG_ANALYZER_NUMBER_OBJECT_CONVERSION = YES_AGGRESSIVE;
				CLANG_CXX_LANGUAGE_STANDARD = "gnu++14";
				CLANG_CXX_LIBRARY = "libc++";
				CLANG_ENABLE_MODULES = YES;
				CLANG_ENABLE_OBJC_ARC = YES;
				CLANG_ENABLE_OBJC_WEAK = YES;
				CLANG_WARN_BLOCK_CAPTURE_AUTORELEASING = YES;
				CLANG_WARN_BOOL_CONVERSION = YES;
				CLANG_WARN_COMMA = YES;
				CLANG_WARN_CONSTANT_CONVERSION = YES;
				CLANG_WARN_DEPRECATED_OBJC_IMPLEMENTATIONS = YES;
				CLANG_WARN_DIRECT_OBJC_ISA_USAGE = YES_ERROR;
				CLANG_WARN_DOCUMENTATION_COMMENTS = YES;
				CLANG_WARN_EMPTY_BODY = YES;
				CLANG_WARN_ENUM_CONVERSION = YES;
				CLANG_WARN_INFINITE_RECURSION = YES;
				CLANG_WARN_INT_CONVERSION = YES;
				CLANG_WARN_NON_LITERAL_NULL_CONVERSION = YES;
				CLANG_WARN_OBJC_IMPLICIT_RETAIN_SELF = YES;
				CLANG_WARN_OBJC_LITERAL_CONVERSION = YES;
				CLANG_WARN_OBJC_ROOT_CLASS = YES_ERROR;
				CLANG_WARN_QUOTED_INCLUDE_IN_FRAMEWORK_HEADER = YES;
				CLANG_WARN_RANGE_LOOP_ANALYSIS = YES;
				CLANG_WARN_STRICT_PROTOTYPES = YES;
				CLANG_WARN_SUSPICIOUS_MOVE = YES;
				CLANG_WARN_UNGUARDED_AVAILABILITY = YES_AGGRESSIVE;
				CLANG_WARN_UNREACHABLE_CODE = YES;
				CLANG_WARN__DUPLICATE_METHOD_MATCH = YES;
				CODE_SIGN_IDENTITY = "OpenWispr Self-Signed";
				CODE_SIGN_STYLE = Manual;
				COPY_PHASE_STRIP = NO;
				CURRENT_PROJECT_VERSION = 5;
				DEBUG_INFORMATION_FORMAT = "dwarf-with-dsym";
				DEVELOPMENT_TEAM = "";
				ENABLE_NS_ASSERTIONS = NO;
				ENABLE_STRICT_OBJC_MSGSEND = YES;
				GCC_C_LANGUAGE_STANDARD = gnu11;
				GCC_NO_COMMON_BLOCKS = YES;
				GCC_WARN_64_TO_32_BIT_CONVERSION = YES;
				GCC_WARN_ABOUT_RETURN_TYPE = YES_ERROR;
				GCC_WARN_UNDECLARED_SELECTOR = YES;
				GCC_WARN_UNINITIALIZED_AUTOS = YES_AGGRESSIVE;
				GCC_WARN_UNUSED_FUNCTION = YES;
				GCC_WARN_UNUSED_VARIABLE = YES;
				MACOSX_DEPLOYMENT_TARGET = 13.3;
				MARKETING_VERSION = 1.2.0;
				MTL_ENABLE_DEBUG_INFO = NO;
				MTL_FAST_MATH = YES;
				PRODUCT_NAME = "$(TARGET_NAME)";
				SDKROOT = macosx;
				SWIFT_COMPILATION_MODE = wholemodule;
				SWIFT_OPTIMIZATION_LEVEL = "-O";
				SWIFT_VERSION = 5.10;
			};
			name = Release;
		};
/* End XCBuildConfiguration section */

/* Begin XCConfigurationList section */
		A7FFEA8068C97C4D02CD2CE4 /* Build configuration list for PBXNativeTarget "OpenWispr" */ = {
			isa = XCConfigurationList;
			buildConfigurations = (
				DCA59C79616816B47C67C37A /* Debug */,
				607FF2E17DD113FB2B71980E /* Release */,
			);
			defaultConfigurationIsVisible = 0;
			defaultConfigurationName = Debug;
		};
		F523B00A64CA6918B602A2DD /* Build configuration list for PBXProject "OpenWispr" */ = {
			isa = XCConfigurationList;
			buildConfigurations = (
				44AEB4974779ED9AD30C92AC /* Debug */,
				E7FDE0B4A1FE3B0E3DB70954 /* Release */,
			);
			defaultConfigurationIsVisible = 0;
			defaultConfigurationName = Debug;
		};
/* End XCConfigurationList section */

/* Begin XCLocalSwiftPackageReference section */
		216E5060AD3964D37603C6EB /* XCLocalSwiftPackageReference "../WhisperFramework" */ = {
			isa = XCLocalSwiftPackageReference;
			relativePath = ../WhisperFramework;
		};
		300CDBD800DDB292AEA5C59C /* XCLocalSwiftPackageReference "../OpenWisprCore" */ = {
			isa = XCLocalSwiftPackageReference;
			relativePath = ../OpenWisprCore;
		};
		98082A5197F9B9E18ED261A4 /* XCLocalSwiftPackageReference "../SherpaOnnxFramework" */ = {
			isa = XCLocalSwiftPackageReference;
			relativePath = ../SherpaOnnxFramework;
		};
		ECC2CE5F01CA06C44337B4FB /* XCLocalSwiftPackageReference "../LlamaFramework" */ = {
			isa = XCLocalSwiftPackageReference;
			relativePath = ../LlamaFramework;
		};
/* End XCLocalSwiftPackageReference section */

/* Begin XCSwiftPackageProductDependency section */
		144850BF2FCDC5E1155AA002 /* OpenWisprCore */ = {
			isa = XCSwiftPackageProductDependency;
			productName = OpenWisprCore;
		};
		4128EBE63C315B246A50288B /* SherpaOnnxFramework */ = {
			isa = XCSwiftPackageProductDependency;
			productName = SherpaOnnxFramework;
		};
		5342A1BFAF9FB8F46CE0A6E1 /* LlamaFramework */ = {
			isa = XCSwiftPackageProductDependency;
			productName = LlamaFramework;
		};
		D8615A45FBDB52F322616ED1 /* WhisperFramework */ = {
			isa = XCSwiftPackageProductDependency;
			productName = WhisperFramework;
		};
/* End XCSwiftPackageProductDependency section */
	};
	rootObject = 288489F8015DD539AECF3EC2 /* Project object */;
}
